Microsoft Visual Studio Solution File, Format Version 10.00
# Visual Studio 2008
Project("{8BC9CEB8-8B4A-11D0-8D11-00A0C91BC942}") = "un7zip", "un7zip\un7zip_CE_vs90.vcproj", "{897F888B-0819-319B-A305-67BBE1625297}"
EndProject
Global
	GlobalSection(SolutionConfigurationPlatforms) = preSolution
		debug_shared|Toradex_CE700 (ARMv4I) = debug_shared|Toradex_CE700 (ARMv4I)
		release_shared|Toradex_CE700 (ARMv4I) = release_shared|Toradex_CE700 (ARMv4I)
		debug_static_mt|Toradex_CE700 (ARMv4I) = debug_static_mt|Toradex_CE700 (ARMv4I)
		release_static_mt|Toradex_CE700 (ARMv4I) = release_static_mt|Toradex_CE700 (ARMv4I)
		debug_static_md|Toradex_CE700 (ARMv4I) = debug_static_md|Toradex_CE700 (ARMv4I)
		release_static_md|Toradex_CE700 (ARMv4I) = release_static_md|Toradex_CE700 (ARMv4I)
	EndGlobalSection
	GlobalSection(ProjectConfigurationPlatforms) = postSolution
		{897F888B-0819-319B-A305-67BBE1625297}.debug_shared|Toradex_CE700 (ARMv4I).ActiveCfg = debug_shared|Toradex_CE700 (ARMv4I)
		{897F888B-0819-319B-A305-67BBE1625297}.debug_shared|Toradex_CE700 (ARMv4I).Build.0 = debug_shared|Toradex_CE700 (ARMv4I)
		{897F888B-0819-319B-A305-67BBE1625297}.debug_shared|Toradex_CE700 (ARMv4I).Deploy.0 = debug_shared|Toradex_CE700 (ARMv4I)
		{897F888B-0819-319B-A305-67BBE1625297}.release_shared|Toradex_CE700 (ARMv4I).ActiveCfg = release_shared|Toradex_CE700 (ARMv4I)
		{897F888B-0819-319B-A305-67BBE1625297}.release_shared|Toradex_CE700 (ARMv4I).Build.0 = release_shared|Toradex_CE700 (ARMv4I)
		{897F888B-0819-319B-A305-67BBE1625297}.release_shared|Toradex_CE700 (ARMv4I).Deploy.0 = release_shared|Toradex_CE700 (ARMv4I)
		{897F888B-0819-319B-A305-67BBE1625297}.debug_static_mt|Toradex_CE700 (ARMv4I).ActiveCfg = debug_static_mt|Toradex_CE700 (ARMv4I)
		{897F888B-0819-319B-A305-67BBE1625297}.debug_static_mt|Toradex_CE700 (ARMv4I).Build.0 = debug_static_mt|Toradex_CE700 (ARMv4I)
		{897F888B-0819-319B-A305-67BBE1625297}.debug_static_mt|Toradex_CE700 (ARMv4I).Deploy.0 = debug_static_mt|Toradex_CE700 (ARMv4I)
		{897F888B-0819-319B-A305-67BBE1625297}.release_static_mt|Toradex_CE700 (ARMv4I).ActiveCfg = release_static_mt|Toradex_CE700 (ARMv4I)
		{897F888B-0819-319B-A305-67BBE1625297}.release_static_mt|Toradex_CE700 (ARMv4I).Build.0 = release_static_mt|Toradex_CE700 (ARMv4I)
		{897F888B-0819-319B-A305-67BBE1625297}.release_static_mt|Toradex_CE700 (ARMv4I).Deploy.0 = release_static_mt|Toradex_CE700 (ARMv4I)
		{897F888B-0819-319B-A305-67BBE1625297}.debug_static_md|Toradex_CE700 (ARMv4I).ActiveCfg = debug_static_md|Toradex_CE700 (ARMv4I)
		{897F888B-0819-319B-A305-67BBE1625297}.debug_static_md|Toradex_CE700 (ARMv4I).Build.0 = debug_static_md|Toradex_CE700 (ARMv4I)
		{897F888B-0819-319B-A305-67BBE1625297}.debug_static_md|Toradex_CE700 (ARMv4I).Deploy.0 = debug_static_md|Toradex_CE700 (ARMv4I)
		{897F888B-0819-319B-A305-67BBE1625297}.release_static_md|Toradex_CE700 (ARMv4I).ActiveCfg = release_static_md|Toradex_CE700 (ARMv4I)
		{897F888B-0819-319B-A305-67BBE1625297}.release_static_md|Toradex_CE700 (ARMv4I).Build.0 = release_static_md|Toradex_CE700 (ARMv4I)
		{897F888B-0819-319B-A305-67BBE1625297}.release_static_md|Toradex_CE700 (ARMv4I).Deploy.0 = release_static_md|Toradex_CE700 (ARMv4I)
	EndGlobalSection
	GlobalSection(SolutionProperties) = preSolution
		HideSolutionNode = FALSE
	EndGlobalSection
EndGlobal
