Microsoft Visual Studio Solution File, Format Version 10.00
# Visual Studio 2008
Project("{8BC9CEB8-8B4A-11D0-8D11-00A0C91BC942}") = "Util", "Util_CE_vs90.vcproj", "{6FF56CDB-787A-4714-A28C-919003F9FA6C}"
EndProject
Project("{8BC9CEB8-8B4A-11D0-8D11-00A0C91BC942}") = "TestSuite", "testsuite\TestSuite_CE_vs90.vcproj", "{E40E738C-447B-40F4-A878-EBA9A2459270}"
	ProjectSection(ProjectDependencies) = postProject
		{6FF56CDB-787A-4714-A28C-919003F9FA6C} = {6FF56CDB-787A-4714-A28C-919003F9FA6C}
	EndProjectSection
EndProject
Global
	GlobalSection(SolutionConfigurationPlatforms) = preSolution
		debug_shared|Toradex_CE700 (ARMv4I) = debug_shared|Toradex_CE700 (ARMv4I)
		release_shared|Toradex_CE700 (ARMv4I) = release_shared|Toradex_CE700 (ARMv4I)
		debug_static_mt|Toradex_CE700 (ARMv4I) = debug_static_mt|Toradex_CE700 (ARMv4I)
		release_static_mt|Toradex_CE700 (ARMv4I) = release_static_mt|Toradex_CE700 (ARMv4I)
		debug_static_md|Toradex_CE700 (ARMv4I) = debug_static_md|Toradex_CE700 (ARMv4I)
		release_static_md|Toradex_CE700 (ARMv4I) = release_static_md|Toradex_CE700 (ARMv4I)
	EndGlobalSection
	GlobalSection(ProjectConfigurationPlatforms) = postSolution
		{6FF56CDB-787A-4714-A28C-919003F9FA6C}.debug_shared|Toradex_CE700 (ARMv4I).ActiveCfg = debug_shared|Toradex_CE700 (ARMv4I)
		{6FF56CDB-787A-4714-A28C-919003F9FA6C}.debug_shared|Toradex_CE700 (ARMv4I).Build.0 = debug_shared|Toradex_CE700 (ARMv4I)
		{6FF56CDB-787A-4714-A28C-919003F9FA6C}.debug_shared|Toradex_CE700 (ARMv4I).Deploy.0 = debug_shared|Toradex_CE700 (ARMv4I)
		{6FF56CDB-787A-4714-A28C-919003F9FA6C}.release_shared|Toradex_CE700 (ARMv4I).ActiveCfg = release_shared|Toradex_CE700 (ARMv4I)
		{6FF56CDB-787A-4714-A28C-919003F9FA6C}.release_shared|Toradex_CE700 (ARMv4I).Build.0 = release_shared|Toradex_CE700 (ARMv4I)
		{6FF56CDB-787A-4714-A28C-919003F9FA6C}.release_shared|Toradex_CE700 (ARMv4I).Deploy.0 = release_shared|Toradex_CE700 (ARMv4I)
		{6FF56CDB-787A-4714-A28C-919003F9FA6C}.debug_static_mt|Toradex_CE700 (ARMv4I).ActiveCfg = debug_static_mt|Toradex_CE700 (ARMv4I)
		{6FF56CDB-787A-4714-A28C-919003F9FA6C}.debug_static_mt|Toradex_CE700 (ARMv4I).Build.0 = debug_static_mt|Toradex_CE700 (ARMv4I)
		{6FF56CDB-787A-4714-A28C-919003F9FA6C}.debug_static_mt|Toradex_CE700 (ARMv4I).Deploy.0 = debug_static_mt|Toradex_CE700 (ARMv4I)
		{6FF56CDB-787A-4714-A28C-919003F9FA6C}.release_static_mt|Toradex_CE700 (ARMv4I).ActiveCfg = release_static_mt|Toradex_CE700 (ARMv4I)
		{6FF56CDB-787A-4714-A28C-919003F9FA6C}.release_static_mt|Toradex_CE700 (ARMv4I).Build.0 = release_static_mt|Toradex_CE700 (ARMv4I)
		{6FF56CDB-787A-4714-A28C-919003F9FA6C}.release_static_mt|Toradex_CE700 (ARMv4I).Deploy.0 = release_static_mt|Toradex_CE700 (ARMv4I)
		{6FF56CDB-787A-4714-A28C-919003F9FA6C}.debug_static_md|Toradex_CE700 (ARMv4I).ActiveCfg = debug_static_md|Toradex_CE700 (ARMv4I)
		{6FF56CDB-787A-4714-A28C-919003F9FA6C}.debug_static_md|Toradex_CE700 (ARMv4I).Build.0 = debug_static_md|Toradex_CE700 (ARMv4I)
		{6FF56CDB-787A-4714-A28C-919003F9FA6C}.debug_static_md|Toradex_CE700 (ARMv4I).Deploy.0 = debug_static_md|Toradex_CE700 (ARMv4I)
		{6FF56CDB-787A-4714-A28C-919003F9FA6C}.release_static_md|Toradex_CE700 (ARMv4I).ActiveCfg = release_static_md|Toradex_CE700 (ARMv4I)
		{6FF56CDB-787A-4714-A28C-919003F9FA6C}.release_static_md|Toradex_CE700 (ARMv4I).Build.0 = release_static_md|Toradex_CE700 (ARMv4I)
		{6FF56CDB-787A-4714-A28C-919003F9FA6C}.release_static_md|Toradex_CE700 (ARMv4I).Deploy.0 = release_static_md|Toradex_CE700 (ARMv4I)
		{E40E738C-447B-40F4-A878-EBA9A2459270}.debug_shared|Toradex_CE700 (ARMv4I).ActiveCfg = debug_shared|Toradex_CE700 (ARMv4I)
		{E40E738C-447B-40F4-A878-EBA9A2459270}.debug_shared|Toradex_CE700 (ARMv4I).Build.0 = debug_shared|Toradex_CE700 (ARMv4I)
		{E40E738C-447B-40F4-A878-EBA9A2459270}.debug_shared|Toradex_CE700 (ARMv4I).Deploy.0 = debug_shared|Toradex_CE700 (ARMv4I)
		{E40E738C-447B-40F4-A878-EBA9A2459270}.release_shared|Toradex_CE700 (ARMv4I).ActiveCfg = release_shared|Toradex_CE700 (ARMv4I)
		{E40E738C-447B-40F4-A878-EBA9A2459270}.release_shared|Toradex_CE700 (ARMv4I).Build.0 = release_shared|Toradex_CE700 (ARMv4I)
		{E40E738C-447B-40F4-A878-EBA9A2459270}.release_shared|Toradex_CE700 (ARMv4I).Deploy.0 = release_shared|Toradex_CE700 (ARMv4I)
		{E40E738C-447B-40F4-A878-EBA9A2459270}.debug_static_mt|Toradex_CE700 (ARMv4I).ActiveCfg = debug_static_mt|Toradex_CE700 (ARMv4I)
		{E40E738C-447B-40F4-A878-EBA9A2459270}.debug_static_mt|Toradex_CE700 (ARMv4I).Build.0 = debug_static_mt|Toradex_CE700 (ARMv4I)
		{E40E738C-447B-40F4-A878-EBA9A2459270}.debug_static_mt|Toradex_CE700 (ARMv4I).Deploy.0 = debug_static_mt|Toradex_CE700 (ARMv4I)
		{E40E738C-447B-40F4-A878-EBA9A2459270}.release_static_mt|Toradex_CE700 (ARMv4I).ActiveCfg = release_static_mt|Toradex_CE700 (ARMv4I)
		{E40E738C-447B-40F4-A878-EBA9A2459270}.release_static_mt|Toradex_CE700 (ARMv4I).Build.0 = release_static_mt|Toradex_CE700 (ARMv4I)
		{E40E738C-447B-40F4-A878-EBA9A2459270}.release_static_mt|Toradex_CE700 (ARMv4I).Deploy.0 = release_static_mt|Toradex_CE700 (ARMv4I)
		{E40E738C-447B-40F4-A878-EBA9A2459270}.debug_static_md|Toradex_CE700 (ARMv4I).ActiveCfg = debug_static_md|Toradex_CE700 (ARMv4I)
		{E40E738C-447B-40F4-A878-EBA9A2459270}.debug_static_md|Toradex_CE700 (ARMv4I).Build.0 = debug_static_md|Toradex_CE700 (ARMv4I)
		{E40E738C-447B-40F4-A878-EBA9A2459270}.debug_static_md|Toradex_CE700 (ARMv4I).Deploy.0 = debug_static_md|Toradex_CE700 (ARMv4I)
		{E40E738C-447B-40F4-A878-EBA9A2459270}.release_static_md|Toradex_CE700 (ARMv4I).ActiveCfg = release_static_md|Toradex_CE700 (ARMv4I)
		{E40E738C-447B-40F4-A878-EBA9A2459270}.release_static_md|Toradex_CE700 (ARMv4I).Build.0 = release_static_md|Toradex_CE700 (ARMv4I)
		{E40E738C-447B-40F4-A878-EBA9A2459270}.release_static_md|Toradex_CE700 (ARMv4I).Deploy.0 = release_static_md|Toradex_CE700 (ARMv4I)
	EndGlobalSection
	GlobalSection(SolutionProperties) = preSolution
		HideSolutionNode = FALSE
	EndGlobalSection
EndGlobal
